PODS:
  - BZipCompression (1.0.1)
  - CrittercismSDK (4.0.7)
  - FlurrySDK (4.2.3)
  - Reachability (3.1.1)

DEPENDENCIES:
  - BZipCompression
  - CrittercismSDK
  - FlurrySDK
  - Reachability

SPEC CHECKSUMS:
  BZipCompression: a77808fe8fb296ddc5c52b736a042268036d64a8
  CrittercismSDK: 71440e74a7ce6d5f895171e28f16ce819412a176
  FlurrySDK: ce92847a102227124980f585006005cbd489df14
  Reachability: be4883bb93f31e38266ae3365e5600a317aae735

COCOAPODS: 0.32.1
